// !$*UTF8*$!
{
	archiveVersion = 1;
	classes = {
	};
	objectVersion = 56;
	objects = {

/* Begin PBXBuildFile section */
		881F7C672AB32AFD005CD198 /* AppDelegate.swift in Sources */ = {isa = PBXBuildFile; fileRef = 881F7C662AB32AFD005CD198 /* AppDelegate.swift */; };
		881F7C692AB32AFD005CD198 /* SceneDelegate.swift in Sources */ = {isa = PBXBuildFile; fileRef = 881F7C682AB32AFD005CD198 /* SceneDelegate.swift */; };
		881F7C6B2AB32AFD005CD198 /* ViewController.swift in Sources */ = {isa = PBXBuildFile; fileRef = 881F7C6A2AB32AFD005CD198 /* ViewController.swift */; };
		881F7C6E2AB32AFD005CD198 /* Main.storyboard in Resources */ = {isa = PBXBuildFile; fileRef = 881F7C6C2AB32AFD005CD198 /* Main.storyboard */; };
		881F7C702AB32AFF005CD198 /* Assets.xcassets in Resources */ = {isa = PBXBuildFile; fileRef = 881F7C6F2AB32AFF005CD198 /* Assets.xcassets */; };
		881F7C732AB32AFF005CD198 /* LaunchScreen.storyboard in Resources */ = {isa = PBXBuildFile; fileRef = 881F7C712AB32AFF005CD198 /* LaunchScreen.storyboard */; };
		BF20AC4F6A108E98A72407C2 /* Pods_vpntest.framework in Frameworks */ = {isa = PBXBuildFile; fileRef = 0983035F472AA62871AF1A37 /* Pods_vpntest.framework */; };
/* End PBXBuildFile section */

/* Begin PBXFileReference section */
		0983035F472AA62871AF1A37 /* Pods_vpntest.framework */ = {isa = PBXFileReference; explicitFileType = wrapper.framework; includeInIndex = 0; path = Pods_vpntest.framework; sourceTree = BUILT_PRODUCTS_DIR; };
		55CEE82DE7C06EDBB29F81D5 /* Pods-vpntest.release.xcconfig */ = {isa = PBXFileReference; includeInIndex = 1; lastKnownFileType = text.xcconfig; name = "Pods-vpntest.release.xcconfig"; path = "Target Support Files/Pods-vpntest/Pods-vpntest.release.xcconfig"; sourceTree = "<group>"; };
		881F7C632AB32AFD005CD198 /* vpntest.app */ = {isa = PBXFileReference; explicitFileType = wrapper.application; includeInIndex = 0; path = vpntest.app; sourceTree = BUILT_PRODUCTS_DIR; };
		881F7C662AB32AFD005CD198 /* AppDelegate.swift */ = {isa = PBXFileReference; lastKnownFileType = sourcecode.swift; path = AppDelegate.swift; sourceTree = "<group>"; };
		881F7C682AB32AFD005CD198 /* SceneDelegate.swift */ = {isa = PBXFileReference; lastKnownFileType = sourcecode.swift; path = SceneDelegate.swift; sourceTree = "<group>"; };
		881F7C6A2AB32AFD005CD198 /* ViewController.swift */ = {isa = PBXFileReference; lastKnownFileType = sourcecode.swift; path = ViewController.swift; sourceTree = "<group>"; };
		881F7C6D2AB32AFD005CD198 /* Base */ = {isa = PBXFileReference; lastKnownFileType = file.storyboard; name = Base; path = Base.lproj/Main.storyboard; sourceTree = "<group>"; };
		881F7C6F2AB32AFF005CD198 /* Assets.xcassets */ = {isa = PBXFileReference; lastKnownFileType = folder.assetcatalog; path = Assets.xcassets; sourceTree = "<group>"; };
		881F7C722AB32AFF005CD198 /* Base */ = {isa = PBXFileReference; lastKnownFileType = file.storyboard; name = Base; path = Base.lproj/LaunchScreen.storyboard; sourceTree = "<group>"; };
		881F7C742AB32AFF005CD198 /* Info.plist */ = {isa = PBXFileReference; lastKnownFileType = text.plist.xml; path = Info.plist; sourceTree = "<group>"; };
		881F7C7A2AB32B8C005CD198 /* vpntest.entitlements */ = {isa = PBXFileReference; lastKnownFileType = text.plist.entitlements; path = vpntest.entitlements; sourceTree = "<group>"; };
		B9636C11445840AA12D2C1DE /* Pods-vpntest.debug.xcconfig */ = {isa = PBXFileReference; includeInIndex = 1; lastKnownFileType = text.xcconfig; name = "Pods-vpntest.debug.xcconfig"; path = "Target Support Files/Pods-vpntest/Pods-vpntest.debug.xcconfig"; sourceTree = "<group>"; };
/* End PBXFileReference section */

/* Begin PBXFrameworksBuildPhase section */
		881F7C602AB32AFD005CD198 /* Frameworks */ = {
			isa = PBXFrameworksBuildPhase;
			buildActionMask = 2147483647;
			files = (
				BF20AC4F6A108E98A72407C2 /* Pods_vpntest.framework in Frameworks */,
			);
			runOnlyForDeploymentPostprocessing = 0;
		};
/* End PBXFrameworksBuildPhase section */

/* Begin PBXGroup section */
		881F7C5A2AB32AFD005CD198 = {
			isa = PBXGroup;
			children = (
				881F7C652AB32AFD005CD198 /* vpntest */,
				881F7C642AB32AFD005CD198 /* Products */,
				C2216AE131C0F232EEB16948 /* Pods */,
				A46E676EE61AC09463854E14 /* Frameworks */,
			);
			sourceTree = "<group>";
		};
		881F7C642AB32AFD005CD198 /* Products */ = {
			isa = PBXGroup;
			children = (
				881F7C632AB32AFD005CD198 /* vpntest.app */,
			);
			name = Products;
			sourceTree = "<group>";
		};
		881F7C652AB32AFD005CD198 /* vpntest */ = {
			isa = PBXGroup;
			children = (
				881F7C7A2AB32B8C005CD198 /* vpntest.entitlements */,
				881F7C662AB32AFD005CD198 /* AppDelegate.swift */,
				881F7C682AB32AFD005CD198 /* SceneDelegate.swift */,
				881F7C6A2AB32AFD005CD198 /* ViewController.swift */,
				881F7C6C2AB32AFD005CD198 /* Main.storyboard */,
				881F7C6F2AB32AFF005CD198 /* Assets.xcassets */,
				881F7C712AB32AFF005CD198 /* LaunchScreen.storyboard */,
				881F7C742AB32AFF005CD198 /* Info.plist */,
			);
			path = vpntest;
			sourceTree = "<group>";
		};
		A46E676EE61AC09463854E14 /* Frameworks */ = {
			isa = PBXGroup;
			children = (
				0983035F472AA62871AF1A37 /* Pods_vpntest.framework */,
			);
			name = Frameworks;
			sourceTree = "<group>";
		};
		C2216AE131C0F232EEB16948 /* Pods */ = {
			isa = PBXGroup;
			children = (
				B9636C11445840AA12D2C1DE /* Pods-vpntest.debug.xcconfig */,
				55CEE82DE7C06EDBB29F81D5 /* Pods-vpntest.release.xcconfig */,
			);
			path = Pods;
			sourceTree = "<group>";
		};
/* End PBXGroup section */

/* Begin PBXNativeTarget section */
		881F7C622AB32AFD005CD198 /* vpntest */ = {
			isa = PBXNativeTarget;
			buildConfigurationList = 881F7C772AB32AFF005CD198 /* Build configuration list for PBXNativeTarget "vpntest" */;
			buildPhases = (
				10ADF1724BA261BCF96E7B8E /* [CP] Check Pods Manifest.lock */,
				881F7C5F2AB32AFD005CD198 /* Sources */,
				881F7C602AB32AFD005CD198 /* Frameworks */,
				881F7C612AB32AFD005CD198 /* Resources */,
				6BDF6052240021F893F894C2 /* [CP] Embed Pods Frameworks */,
			);
			buildRules = (
			);
			dependencies = (
			);
			name = vpntest;
			productName = vpntest;
			productReference = 881F7C632AB32AFD005CD198 /* vpntest.app */;
			productType = "com.apple.product-type.application";
		};
/* End PBXNativeTarget section */

/* Begin PBXProject section */
		881F7C5B2AB32AFD005CD198 /* Project object */ = {
			isa = PBXProject;
			attributes = {
				BuildIndependentTargetsInParallel = 1;
				LastSwiftUpdateCheck = 1430;
				LastUpgradeCheck = 1430;
				TargetAttributes = {
					881F7C622AB32AFD005CD198 = {
						CreatedOnToolsVersion = 14.3.1;
					};
				};
			};
			buildConfigurationList = 881F7C5E2AB32AFD005CD198 /* Build configuration list for PBXProject "vpntest" */;
			compatibilityVersion = "Xcode 14.0";
			developmentRegion = en;
			hasScannedForEncodings = 0;
			knownRegions = (
				en,
				Base,
			);
			mainGroup = 881F7C5A2AB32AFD005CD198;
			productRefGroup = 881F7C642AB32AFD005CD198 /* Products */;
			projectDirPath = "";
			projectRoot = "";
			targets = (
				881F7C622AB32AFD005CD198 /* vpntest */,
			);
		};
/* End PBXProject section */

/* Begin PBXResourcesBuildPhase section */
		881F7C612AB32AFD005CD198 /* Resources */ = {
			isa = PBXResourcesBuildPhase;
			buildActionMask = 2147483647;
			files = (
				881F7C732AB32AFF005CD198 /* LaunchScreen.storyboard in Resources */,
				881F7C702AB32AFF005CD198 /* Assets.xcassets in Resources */,
				881F7C6E2AB32AFD005CD198 /* Main.storyboard in Resources */,
			);
			runOnlyForDeploymentPostprocessing = 0;
		};
/* End PBXResourcesBuildPhase section */

/* Begin PBXShellScriptBuildPhase section */
		10ADF1724BA261BCF96E7B8E /* [CP] Check Pods Manifest.lock */ = {
			isa = PBXShellScriptBuildPhase;
			buildActionMask = 2147483647;
			files = (
			);
			inputFileListPaths = (
			);
			inputPaths = (
				"${PODS_PODFILE_DIR_PATH}/Podfile.lock",
				"${PODS_ROOT}/Manifest.lock",
			);
			name = "[CP] Check Pods Manifest.lock";
			outputFileListPaths = (
			);
			outputPaths = (
				"$(DERIVED_FILE_DIR)/Pods-vpntest-checkManifestLockResult.txt",
			);
			runOnlyForDeploymentPostprocessing = 0;
			shellPath = /bin/sh;
			shellScript = "diff \"${PODS_PODFILE_DIR_PATH}/Podfile.lock\" \"${PODS_ROOT}/Manifest.lock\" > /dev/null\nif [ $? != 0 ] ; then\n    # print error to STDERR\n    echo \"error: The sandbox is not in sync with the Podfile.lock. Run 'pod install' or update your CocoaPods installation.\" >&2\n    exit 1\nfi\n# This output is used by Xcode 'outputs' to avoid re-running this script phase.\necho \"SUCCESS\" > \"${SCRIPT_OUTPUT_FILE_0}\"\n";
			showEnvVarsInLog = 0;
		};
		6BDF6052240021F893F894C2 /* [CP] Embed Pods Frameworks */ = {
			isa = PBXShellScriptBuildPhase;
			buildActionMask = 2147483647;
			files = (
			);
			inputFileListPaths = (
				"${PODS_ROOT}/Target Support Files/Pods-vpntest/Pods-vpntest-frameworks-${CONFIGURATION}-input-files.xcfilelist",
			);
			name = "[CP] Embed Pods Frameworks";
			outputFileListPaths = (
				"${PODS_ROOT}/Target Support Files/Pods-vpntest/Pods-vpntest-frameworks-${CONFIGURATION}-output-files.xcfilelist",
			);
			runOnlyForDeploymentPostprocessing = 0;
			shellPath = /bin/sh;
			shellScript = "\"${PODS_ROOT}/Target Support Files/Pods-vpntest/Pods-vpntest-frameworks.sh\"\n";
			showEnvVarsInLog = 0;
		};
/* End PBXShellScriptBuildPhase section */

/* Begin PBXSourcesBuildPhase section */
		881F7C5F2AB32AFD005CD198 /* Sources */ = {
			isa = PBXSourcesBuildPhase;
			buildActionMask = 2147483647;
			files = (
				881F7C6B2AB32AFD005CD198 /* ViewController.swift in Sources */,
				881F7C672AB32AFD005CD198 /* AppDelegate.swift in Sources */,
				881F7C692AB32AFD005CD198 /* SceneDelegate.swift in Sources */,
			);
			runOnlyForDeploymentPostprocessing = 0;
		};
/* End PBXSourcesBuildPhase section */

/* Begin PBXVariantGroup section */
		881F7C6C2AB32AFD005CD198 /* Main.storyboard */ = {
			isa = PBXVariantGroup;
			children = (
				881F7C6D2AB32AFD005CD198 /* Base */,
			);
			name = Main.storyboard;
			sourceTree = "<group>";
		};
		881F7C712AB32AFF005CD198 /* LaunchScreen.storyboard */ = {
			isa = PBXVariantGroup;
			children = (
				881F7C722AB32AFF005CD198 /* Base */,
			);
			name = LaunchScreen.storyboard;
			sourceTree = "<group>";
		};
/* End PBXVariantGroup section */

/* Begin XCBuildConfiguration section */
		881F7C752AB32AFF005CD198 /* Debug */ = {
			isa = XCBuildConfiguration;
			buildSettings = {
				ALWAYS_SEARCH_USER_PATHS = NO;
				CLANG_ANALYZER_NONNULL = YES;
				CLANG_ANALYZER_NUMBER_OBJECT_CONVERSION = YES_AGGRESSIVE;
				CLANG_CXX_LANGUAGE_STANDARD = "gnu++20";
				CLANG_ENABLE_MODULES = YES;
				CLANG_ENABLE_OBJC_ARC = YES;
				CLANG_ENABLE_OBJC_WEAK = YES;
				CLANG_WARN_BLOCK_CAPTURE_AUTORELEASING = YES;
				CLANG_WARN_BOOL_CONVERSION = YES;
				CLANG_WARN_COMMA = YES;
				CLANG_WARN_CONSTANT_CONVERSION = YES;
				CLANG_WARN_DEPRECATED_OBJC_IMPLEMENTATIONS = YES;
				CLANG_WARN_DIRECT_OBJC_ISA_USAGE = YES_ERROR;
				CLANG_WARN_DOCUMENTATION_COMMENTS = YES;
				CLANG_WARN_EMPTY_BODY = YES;
				CLANG_WARN_ENUM_CONVERSION = YES;
				CLANG_WARN_INFINITE_RECURSION = YES;
				CLANG_WARN_INT_CONVERSION = YES;
				CLANG_WARN_NON_LITERAL_NULL_CONVERSION = YES;
				CLANG_WARN_OBJC_IMPLICIT_RETAIN_SELF = YES;
				CLANG_WARN_OBJC_LITERAL_CONVERSION = YES;
				CLANG_WARN_OBJC_ROOT_CLASS = YES_ERROR;
				CLANG_WARN_QUOTED_INCLUDE_IN_FRAMEWORK_HEADER = YES;
				CLANG_WARN_RANGE_LOOP_ANALYSIS = YES;
				CLANG_WARN_STRICT_PROTOTYPES = YES;
				CLANG_WARN_SUSPICIOUS_MOVE = YES;
				CLANG_WARN_UNGUARDED_AVAILABILITY = YES_AGGRESSIVE;
				CLANG_WARN_UNREACHABLE_CODE = YES;
				CLANG_WARN__DUPLICATE_METHOD_MATCH = YES;
				COPY_PHASE_STRIP = NO;
				DEBUG_INFORMATION_FORMAT = dwarf;
				ENABLE_STRICT_OBJC_MSGSEND = YES;
				ENABLE_TESTABILITY = YES;
				GCC_C_LANGUAGE_STANDARD = gnu11;
				GCC_DYNAMIC_NO_PIC = NO;
				GCC_NO_COMMON_BLOCKS = YES;
				GCC_OPTIMIZATION_LEVEL = 0;
				GCC_PREPROCESSOR_DEFINITIONS = (
					"DEBUG=1",
					"$(inherited)",
				);
				GCC_WARN_64_TO_32_BIT_CONVERSION = YES;
				GCC_WARN_ABOUT_RETURN_TYPE = YES_ERROR;
				GCC_WARN_UNDECLARED_SELECTOR = YES;
				GCC_WARN_UNINITIALIZED_AUTOS = YES_AGGRESSIVE;
				GCC_WARN_UNUSED_FUNCTION = YES;
				GCC_WARN_UNUSED_VARIABLE = YES;
				IPHONEOS_DEPLOYMENT_TARGET = 14.0;
				MTL_ENABLE_DEBUG_INFO = INCLUDE_SOURCE;
				MTL_FAST_MATH = YES;
				ONLY_ACTIVE_ARCH = YES;
				SDKROOT = iphoneos;
				SWIFT_ACTIVE_COMPILATION_CONDITIONS = DEBUG;
				SWIFT_OPTIMIZATION_LEVEL = "-Onone";
			};
			name = Debug;
		};
		881F7C762AB32AFF005CD198 /* Release */ = {
			isa = XCBuildConfiguration;
			buildSettings = {
				ALWAYS_SEARCH_USER_PATHS = NO;
				CLANG_ANALYZER_NONNULL = YES;
				CLANG_ANALYZER_NUMBER_OBJECT_CONVERSION = YES_AGGRESSIVE;
				CLANG_CXX_LANGUAGE_STANDARD = "gnu++20";
				CLANG_ENABLE_MODULES = YES;
				CLANG_ENABLE_OBJC_ARC = YES;
				CLANG_ENABLE_OBJC_WEAK = YES;
				CLANG_WARN_BLOCK_CAPTURE_AUTORELEASING = YES;
				CLANG_WARN_BOOL_CONVERSION = YES;
				CLANG_WARN_COMMA = YES;
				CLANG_WARN_CONSTANT_CONVERSION = YES;
				CLANG_WARN_DEPRECATED_OBJC_IMPLEMENTATIONS = YES;
				CLANG_WARN_DIRECT_OBJC_ISA_USAGE = YES_ERROR;
				CLANG_WARN_DOCUMENTATION_COMMENTS = YES;
				CLANG_WARN_EMPTY_BODY = YES;
				CLANG_WARN_ENUM_CONVERSION = YES;
				CLANG_WARN_INFINITE_RECURSION = YES;
				CLANG_WARN_INT_CONVERSION = YES;
				CLANG_WARN_NON_LITERAL_NULL_CONVERSION = YES;
				CLANG_WARN_OBJC_IMPLICIT_RETAIN_SELF = YES;
				CLANG_WARN_OBJC_LITERAL_CONVERSION = YES;
				CLANG_WARN_OBJC_ROOT_CLASS = YES_ERROR;
				CLANG_WARN_QUOTED_INCLUDE_IN_FRAMEWORK_HEADER = YES;
				CLANG_WARN_RANGE_LOOP_ANALYSIS = YES;
				CLANG_WARN_STRICT_PROTOTYPES = YES;
				CLANG_WARN_SUSPICIOUS_MOVE = YES;
				CLANG_WARN_UNGUARDED_AVAILABILITY = YES_AGGRESSIVE;
				CLANG_WARN_UNREACHABLE_CODE = YES;
				CLANG_WARN__DUPLICATE_METHOD_MATCH = YES;
				COPY_PHASE_STRIP = NO;
				DEBUG_INFORMATION_FORMAT = "dwarf-with-dsym";
				ENABLE_NS_ASSERTIONS = NO;
				ENABLE_STRICT_OBJC_MSGSEND = YES;
				GCC_C_LANGUAGE_STANDARD = gnu11;
				GCC_NO_COMMON_BLOCKS = YES;
				GCC_WARN_64_TO_32_BIT_CONVERSION = YES;
				GCC_WARN_ABOUT_RETURN_TYPE = YES_ERROR;
				GCC_WARN_UNDECLARED_SELECTOR = YES;
				GCC_WARN_UNINITIALIZED_AUTOS = YES_AGGRESSIVE;
				GCC_WARN_UNUSED_FUNCTION = YES;
				GCC_WARN_UNUSED_VARIABLE = YES;
				IPHONEOS_DEPLOYMENT_TARGET = 14.0;
				MTL_ENABLE_DEBUG_INFO = NO;
				MTL_FAST_MATH = YES;
				SDKROOT = iphoneos;
				SWIFT_COMPILATION_MODE = wholemodule;
				SWIFT_OPTIMIZATION_LEVEL = "-O";
				VALIDATE_PRODUCT = YES;
			};
			name = Release;
		};
		881F7C782AB32AFF005CD198 /* Debug */ = {
			isa = XCBuildConfiguration;
			baseConfigurationReference = B9636C11445840AA12D2C1DE /* Pods-vpntest.debug.xcconfig */;
			buildSettings = {
				ASSETCATALOG_COMPILER_APPICON_NAME = AppIcon;
				ASSETCATALOG_COMPILER_GLOBAL_ACCENT_COLOR_NAME = AccentColor;
				CODE_SIGN_ENTITLEMENTS = vpntest/vpntest.entitlements;
				CODE_SIGN_STYLE = Automatic;
				CURRENT_PROJECT_VERSION = 1;
				DEVELOPMENT_TEAM = J2GLR26RLC;
				GENERATE_INFOPLIST_FILE = YES;
				INFOPLIST_FILE = vpntest/Info.plist;
				INFOPLIST_KEY_UIApplicationSupportsIndirectInputEvents = YES;
				INFOPLIST_KEY_UILaunchStoryboardName = LaunchScreen;
				INFOPLIST_KEY_UIMainStoryboardFile = Main;
				INFOPLIST_KEY_UISupportedInterfaceOrientations_iPad = "UIInterfaceOrientationPortrait UIInterfaceOrientationPortraitUpsideDown UIInterfaceOrientationLandscapeLeft UIInterfaceOrientationLandscapeRight";
				INFOPLIST_KEY_UISupportedInterfaceOrientations_iPhone = "UIInterfaceOrientationPortrait UIInterfaceOrientationLandscapeLeft UIInterfaceOrientationLandscapeRight";
				IPHONEOS_DEPLOYMENT_TARGET = 14.0;
				LD_RUNPATH_SEARCH_PATHS = (
					"$(inherited)",
					"@executable_path/Frameworks",
				);
				MARKETING_VERSION = 1.0;
				PRODUCT_BUNDLE_IDENTIFIER = com.dev.vpntest;
				PRODUCT_NAME = "$(TARGET_NAME)";
				SWIFT_EMIT_LOC_STRINGS = YES;
				SWIFT_VERSION = 5.0;
				TARGETED_DEVICE_FAMILY = "1,2";
			};
			name = Debug;
		};
		881F7C792AB32AFF005CD198 /* Release */ = {
			isa = XCBuildConfiguration;
			baseConfigurationReference = 55CEE82DE7C06EDBB29F81D5 /* Pods-vpntest.release.xcconfig */;
			buildSettings = {
				ASSETCATALOG_COMPILER_APPICON_NAME = AppIcon;
				ASSETCATALOG_COMPILER_GLOBAL_ACCENT_COLOR_NAME = AccentColor;
				CODE_SIGN_ENTITLEMENTS = vpntest/vpntest.entitlements;
				CODE_SIGN_STYLE = Automatic;
				CURRENT_PROJECT_VERSION = 1;
				DEVELOPMENT_TEAM = J2GLR26RLC;
				GENERATE_INFOPLIST_FILE = YES;
				INFOPLIST_FILE = vpntest/Info.plist;
				INFOPLIST_KEY_UIApplicationSupportsIndirectInputEvents = YES;
				INFOPLIST_KEY_UILaunchStoryboardName = LaunchScreen;
				INFOPLIST_KEY_UIMainStoryboardFile = Main;
				INFOPLIST_KEY_UISupportedInterfaceOrientations_iPad = "UIInterfaceOrientationPortrait UIInterfaceOrientationPortraitUpsideDown UIInterfaceOrientationLandscapeLeft UIInterfaceOrientationLandscapeRight";
				INFOPLIST_KEY_UISupportedInterfaceOrientations_iPhone = "UIInterfaceOrientationPortrait UIInterfaceOrientationLandscapeLeft UIInterfaceOrientationLandscapeRight";
				IPHONEOS_DEPLOYMENT_TARGET = 14.0;
				LD_RUNPATH_SEARCH_PATHS = (
					"$(inherited)",
					"@executable_path/Frameworks",
				);
				MARKETING_VERSION = 1.0;
				PRODUCT_BUNDLE_IDENTIFIER = com.dev.vpntest;
				PRODUCT_NAME = "$(TARGET_NAME)";
				SWIFT_EMIT_LOC_STRINGS = YES;
				SWIFT_VERSION = 5.0;
				TARGETED_DEVICE_FAMILY = "1,2";
			};
			name = Release;
		};
/* End XCBuildConfiguration section */

/* Begin XCConfigurationList section */
		881F7C5E2AB32AFD005CD198 /* Build configuration list for PBXProject "vpntest" */ = {
			isa = XCConfigurationList;
			buildConfigurations = (
				881F7C752AB32AFF005CD198 /* Debug */,
				881F7C762AB32AFF005CD198 /* Release */,
			);
			defaultConfigurationIsVisible = 0;
			defaultConfigurationName = Release;
		};
		881F7C772AB32AFF005CD198 /* Build configuration list for PBXNativeTarget "vpntest" */ = {
			isa = XCConfigurationList;
			buildConfigurations = (
				881F7C782AB32AFF005CD198 /* Debug */,
				881F7C792AB32AFF005CD198 /* Release */,
			);
			defaultConfigurationIsVisible = 0;
			defaultConfigurationName = Release;
		};
/* End XCConfigurationList section */
	};
	rootObject = 881F7C5B2AB32AFD005CD198 /* Project object */;
}
